
Microsoft Visual Studio Solution File, Format Version 12.00
# Visual Studio Version 17
VisualStudioVersion = 17.0.31903.59
MinimumVisualStudioVersion = 10.0.40219.1
Project("{FAE04EC0-301F-11D3-BF4B-00C04F79EFBC}") = "Ludokino.Api", "Ludokino.Api\Ludokino.Api.csproj", "{55C085F8-E6BA-4324-9394-1EB5B1FB5FBB}"
EndProject
Project("{FAE04EC0-301F-11D3-BF4B-00C04F79EFBC}") = "Ludokino.Api.Tests", "Ludokino.Api.Tests\Ludokino.Api.Tests.csproj", "{AD8A1804-35B5-4511-99DE-F024EBDEADA1}"
EndProject
Global
	GlobalSection(SolutionConfigurationPlatforms) = preSolution
		Debug|Any CPU = Debug|Any CPU
		Debug|x64 = Debug|x64
		Debug|x86 = Debug|x86
		Release|Any CPU = Release|Any CPU
		Release|x64 = Release|x64
		Release|x86 = Release|x86
	EndGlobalSection
	GlobalSection(ProjectConfigurationPlatforms) = postSolution
		{55C085F8-E6BA-4324-9394-1EB5B1FB5FBB}.Debug|Any CPU.ActiveCfg = Debug|Any CPU
		{55C085F8-E6BA-4324-9394-1EB5B1FB5FBB}.Debug|Any CPU.Build.0 = Debug|Any CPU
		{55C085F8-E6BA-4324-9394-1EB5B1FB5FBB}.Debug|x64.ActiveCfg = Debug|Any CPU
		{55C085F8-E6BA-4324-9394-1EB5B1FB5FBB}.Debug|x64.Build.0 = Debug|Any CPU
		{55C085F8-E6BA-4324-9394-1EB5B1FB5FBB}.Debug|x86.ActiveCfg = Debug|Any CPU
		{55C085F8-E6BA-4324-9394-1EB5B1FB5FBB}.Debug|x86.Build.0 = Debug|Any CPU
		{55C085F8-E6BA-4324-9394-1EB5B1FB5FBB}.Release|Any CPU.ActiveCfg = Release|Any CPU
		{55C085F8-E6BA-4324-9394-1EB5B1FB5FBB}.Release|Any CPU.Build.0 = Release|Any CPU
		{55C085F8-E6BA-4324-9394-1EB5B1FB5FBB}.Release|x64.ActiveCfg = Release|Any CPU
		{55C085F8-E6BA-4324-9394-1EB5B1FB5FBB}.Release|x64.Build.0 = Release|Any CPU
		{55C085F8-E6BA-4324-9394-1EB5B1FB5FBB}.Release|x86.ActiveCfg = Release|Any CPU
		{55C085F8-E6BA-4324-9394-1EB5B1FB5FBB}.Release|x86.Build.0 = Release|Any CPU
		{AD8A1804-35B5-4511-99DE-F024EBDEADA1}.Debug|Any CPU.ActiveCfg = Debug|Any CPU
		{AD8A1804-35B5-4511-99DE-F024EBDEADA1}.Debug|Any CPU.Build.0 = Debug|Any CPU
		{AD8A1804-35B5-4511-99DE-F024EBDEADA1}.Debug|x64.ActiveCfg = Debug|Any CPU
		{AD8A1804-35B5-4511-99DE-F024EBDEADA1}.Debug|x64.Build.0 = Debug|Any CPU
		{AD8A1804-35B5-4511-99DE-F024EBDEADA1}.Debug|x86.ActiveCfg = Debug|Any CPU
		{AD8A1804-35B5-4511-99DE-F024EBDEADA1}.Debug|x86.Build.0 = Debug|Any CPU
		{AD8A1804-35B5-4511-99DE-F024EBDEADA1}.Release|Any CPU.ActiveCfg = Release|Any CPU
		{AD8A1804-35B5-4511-99DE-F024EBDEADA1}.Release|Any CPU.Build.0 = Release|Any CPU
		{AD8A1804-35B5-4511-99DE-F024EBDEADA1}.Release|x64.ActiveCfg = Release|Any CPU
		{AD8A1804-35B5-4511-99DE-F024EBDEADA1}.Release|x64.Build.0 = Release|Any CPU
		{AD8A1804-35B5-4511-99DE-F024EBDEADA1}.Release|x86.ActiveCfg = Release|Any CPU
		{AD8A1804-35B5-4511-99DE-F024EBDEADA1}.Release|x86.Build.0 = Release|Any CPU
	EndGlobalSection
	GlobalSection(SolutionProperties) = preSolution
		HideSolutionNode = FALSE
	EndGlobalSection
EndGlobal
